github.com/halimath/expect v0.5.0 h1:qdQS3BhO4vb7Qg6kwmfUeNMJx+g72T8PdBj9JECsRJg=
github.com/halimath/expect v0.5.0/go.mod h1:JQW7orDfymPLKrvFgWl12qL2Q6bBXbRDg1S1PMgRI9A=
golang.org/x/sys v0.15.0 h1:h48lPFYpsTvQJZF4EKyI4aLHaev3CxivZmv7yZig9pc=
golang.org/x/sys v0.15.0/go.mod h1:/VUhepiaJMQUp4+oa/7Zr1D23ma6VTLIYjOOTFZPUcA=
